lockfileVersion: '9.0'

settings:
  autoInstallPeers: true
  excludeLinksFromLockfile: false

importers:

  .:
    dependencies:
      dotenv:
        specifier: ^16.5.0
        version: 16.5.0
      openai:
        specifier: ^5.3.0
        version: 5.3.0

packages:

  dotenv@16.5.0:
    resolution: {integrity: sha512-m/C+AwOAr9/W1UOIZUo232ejMNnJAJtYQjUbHoNTBNTJSvqzzDh7vnrei3o3r3m9blf6ZoDkvcw0VmozNRFJxg==}
    engines: {node: '>=12'}

  openai@5.3.0:
    resolution: {integrity: sha512-VIKmoF7y4oJCDOwP/oHXGzM69+x0dpGFmN9QmYO+uPbLFOmmnwO+x1GbsgUtI+6oraxomGZ566Y421oYVu191w==}
    hasBin: true
    peerDependencies:
      ws: ^8.18.0
      zod: ^3.23.8
    peerDependenciesMeta:
      ws:
        optional: true
      zod:
        optional: true

snapshots:

  dotenv@16.5.0: {}

  openai@5.3.0: {}
